
Microsoft Visual Studio Solution File, Format Version 12.00
# Visual Studio Version 17
VisualStudioVersion = 17.5.002.0
MinimumVisualStudioVersion = 10.0.40219.1
Project("{9A19103F-16F7-4668-BE54-9A1E7A4F7556}") = "ContactApiServer", "ContactApiServer.csproj", "{F150D640-AC53-4CDE-9E3A-C249BD90317F}"
EndProject
Global
	GlobalSection(SolutionConfigurationPlatforms) = preSolution
		Debug|Any CPU = Debug|Any CPU
		Release|Any CPU = Release|Any CPU
	EndGlobalSection
	GlobalSection(ProjectConfigurationPlatforms) = postSolution
		{F150D640-AC53-4CDE-9E3A-C249BD90317F}.Debug|Any CPU.ActiveCfg = Debug|Any CPU
		{F150D640-AC53-4CDE-9E3A-C249BD90317F}.Debug|Any CPU.Build.0 = Debug|Any CPU
		{F150D640-AC53-4CDE-9E3A-C249BD90317F}.Release|Any CPU.ActiveCfg = Release|Any CPU
		{F150D640-AC53-4CDE-9E3A-C249BD90317F}.Release|Any CPU.Build.0 = Release|Any CPU
	EndGlobalSection
	GlobalSection(SolutionProperties) = preSolution
		HideSolutionNode = FALSE
	EndGlobalSection
	GlobalSection(ExtensibilityGlobals) = postSolution
		SolutionGuid = {9973D14F-5847-4BE3-97BB-5FEBEE0CF99B}
	EndGlobalSection
EndGlobal
